
Microsoft Visual Studio Solution File, Format Version 12.00
# Visual Studio Version 17
VisualStudioVersion = 17.14.36127.28 d17.14
MinimumVisualStudioVersion = 10.0.40219.1
Project("{FAE04EC0-301F-11D3-BF4B-00C04F79EFBC}") = "WpfAppMvvmDI", "WpfAppMvvmDI.csproj", "{A849EEF6-4466-4F8C-AC7C-62AC2B6A7229}"
EndProject
Global
	GlobalSection(SolutionConfigurationPlatforms) = preSolution
		Debug|Any CPU = Debug|Any CPU
		Release|Any CPU = Release|Any CPU
	EndGlobalSection
	GlobalSection(ProjectConfigurationPlatforms) = postSolution
		{A849EEF6-4466-4F8C-AC7C-62AC2B6A7229}.Debug|Any CPU.ActiveCfg = Debug|Any CPU
		{A849EEF6-4466-4F8C-AC7C-62AC2B6A7229}.Debug|Any CPU.Build.0 = Debug|Any CPU
		{A849EEF6-4466-4F8C-AC7C-62AC2B6A7229}.Release|Any CPU.ActiveCfg = Release|Any CPU
		{A849EEF6-4466-4F8C-AC7C-62AC2B6A7229}.Release|Any CPU.Build.0 = Release|Any CPU
	EndGlobalSection
	GlobalSection(SolutionProperties) = preSolution
		HideSolutionNode = FALSE
	EndGlobalSection
	GlobalSection(ExtensibilityGlobals) = postSolution
		SolutionGuid = {CCB2E8CF-2B91-4B5F-BFFF-53D379AE4669}
	EndGlobalSection
EndGlobal
