Microsoft Visual Studio Solution File, Format Version 12.00
# Visual Studio Version 17
VisualStudioVersion = 17.5.2.0
MinimumVisualStudioVersion = 10.0.40219.1
Project("{FAE04EC0-301F-11D3-BF4B-00C04F79EFBC}") = "maskotas", "maskotas.csproj", "{306FEFC8-BCCB-7D5C-11A8-6A2D3888C6A1}"
EndProject
Global
	GlobalSection(SolutionConfigurationPlatforms) = preSolution
		Debug|Any CPU = Debug|Any CPU
		Release|Any CPU = Release|Any CPU
	EndGlobalSection
	GlobalSection(ProjectConfigurationPlatforms) = postSolution
		{306FEFC8-BCCB-7D5C-11A8-6A2D3888C6A1}.Debug|Any CPU.ActiveCfg = Debug|Any CPU
		{306FEFC8-BCCB-7D5C-11A8-6A2D3888C6A1}.Debug|Any CPU.Build.0 = Debug|Any CPU
		{306FEFC8-BCCB-7D5C-11A8-6A2D3888C6A1}.Release|Any CPU.ActiveCfg = Release|Any CPU
		{306FEFC8-BCCB-7D5C-11A8-6A2D3888C6A1}.Release|Any CPU.Build.0 = Release|Any CPU
	EndGlobalSection
	GlobalSection(SolutionProperties) = preSolution
		HideSolutionNode = FALSE
	EndGlobalSection
	GlobalSection(ExtensibilityGlobals) = postSolution
		SolutionGuid = {6516F68B-7D41-42A2-9297-C023C5981FAC}
	EndGlobalSection
EndGlobal
