
Microsoft Visual Studio Solution File, Format Version 12.00
# Visual Studio Version 17
VisualStudioVersion = 17.14.36127.28 d17.14
MinimumVisualStudioVersion = 10.0.40219.1
Project("{FAE04EC0-301F-11D3-BF4B-00C04F79EFBC}") = "WpfAppDockPanel", "WpfAppDockPanel.csproj", "{01A95225-0AC7-4CD6-900B-1F94DEDEFAEA}"
EndProject
Global
	GlobalSection(SolutionConfigurationPlatforms) = preSolution
		Debug|Any CPU = Debug|Any CPU
		Release|Any CPU = Release|Any CPU
	EndGlobalSection
	GlobalSection(ProjectConfigurationPlatforms) = postSolution
		{01A95225-0AC7-4CD6-900B-1F94DEDEFAEA}.Debug|Any CPU.ActiveCfg = Debug|Any CPU
		{01A95225-0AC7-4CD6-900B-1F94DEDEFAEA}.Debug|Any CPU.Build.0 = Debug|Any CPU
		{01A95225-0AC7-4CD6-900B-1F94DEDEFAEA}.Release|Any CPU.ActiveCfg = Release|Any CPU
		{01A95225-0AC7-4CD6-900B-1F94DEDEFAEA}.Release|Any CPU.Build.0 = Release|Any CPU
	EndGlobalSection
	GlobalSection(SolutionProperties) = preSolution
		HideSolutionNode = FALSE
	EndGlobalSection
	GlobalSection(ExtensibilityGlobals) = postSolution
		SolutionGuid = {B763E2BA-BDC0-4234-81A4-17609865FD0C}
	EndGlobalSection
EndGlobal
